
Microsoft Visual Studio Solution File, Format Version 12.00
# Visual Studio Version 17
VisualStudioVersion = 17.5.33414.496
MinimumVisualStudioVersion = 10.0.40219.1
Project("{FAE04EC0-301F-11D3-BF4B-00C04F79EFBC}") = "test", "test.csproj", "{143E313D-D280-4E1A-9B1F-7D7C0DFA50BC}"
EndProject
Global
	GlobalSection(SolutionConfigurationPlatforms) = preSolution
		Debug|Any CPU = Debug|Any CPU
		Release|Any CPU = Release|Any CPU
	EndGlobalSection
	GlobalSection(ProjectConfigurationPlatforms) = postSolution
		{143E313D-D280-4E1A-9B1F-7D7C0DFA50BC}.Debug|Any CPU.ActiveCfg = Debug|Any CPU
		{143E313D-D280-4E1A-9B1F-7D7C0DFA50BC}.Debug|Any CPU.Build.0 = Debug|Any CPU
		{143E313D-D280-4E1A-9B1F-7D7C0DFA50BC}.Release|Any CPU.ActiveCfg = Release|Any CPU
		{143E313D-D280-4E1A-9B1F-7D7C0DFA50BC}.Release|Any CPU.Build.0 = Release|Any CPU
	EndGlobalSection
	GlobalSection(SolutionProperties) = preSolution
		HideSolutionNode = FALSE
	EndGlobalSection
	GlobalSection(ExtensibilityGlobals) = postSolution
		SolutionGuid = {A54B36C1-9C69-4D2D-8864-B1F6B8E987D4}
	EndGlobalSection
EndGlobal
